# THIS IS AN AUTOGENERATED FILE. DO NOT EDIT THIS FILE DIRECTLY.
# yarn lockfile v1


vuetify@^2.2.18:
  version "2.2.18"
  resolved "https://registry.yarnpkg.com/vuetify/-/vuetify-2.2.18.tgz#5a43beaf7c8fc66dcfb5876e1619f7e44c7881da"
  integrity sha512-RXN065xh5xKmTnEH6+1YFZWp67soOJPTIqqPNliSp9eE72Q7a5fmaV1xQsEVVaVA12+5Hvroo7NW7MP/APucGw==
